
Microsoft Visual Studio Solution File, Format Version 12.00
# Visual Studio Version 16
VisualStudioVersion = 16.0.29324.140
MinimumVisualStudioVersion = 10.0.40219.1
Project("{FAE04EC0-301F-11D3-BF4B-00C04F79EFBC}") = "Publisher", "Publisher\Publisher.csproj", "{ACE77CF6-F124-492D-8145-464191E1C8BA}"
EndProject
Project("{FAE04EC0-301F-11D3-BF4B-00C04F79EFBC}") = "ConsoleAppRpClient", "ConsoleAppRpClient\ConsoleAppRpClient.csproj", "{8692CC5E-362B-42B4-8F18-A38943814F5C}"
EndProject
Global
	GlobalSection(SolutionConfigurationPlatforms) = preSolution
		Debug|Any CPU = Debug|Any CPU
		Release|Any CPU = Release|Any CPU
	EndGlobalSection
	GlobalSection(ProjectConfigurationPlatforms) = postSolution
		{ACE77CF6-F124-492D-8145-464191E1C8BA}.Debug|Any CPU.ActiveCfg = Debug|Any CPU
		{ACE77CF6-F124-492D-8145-464191E1C8BA}.Debug|Any CPU.Build.0 = Debug|Any CPU
		{ACE77CF6-F124-492D-8145-464191E1C8BA}.Release|Any CPU.ActiveCfg = Release|Any CPU
		{ACE77CF6-F124-492D-8145-464191E1C8BA}.Release|Any CPU.Build.0 = Release|Any CPU
		{8692CC5E-362B-42B4-8F18-A38943814F5C}.Debug|Any CPU.ActiveCfg = Debug|Any CPU
		{8692CC5E-362B-42B4-8F18-A38943814F5C}.Debug|Any CPU.Build.0 = Debug|Any CPU
		{8692CC5E-362B-42B4-8F18-A38943814F5C}.Release|Any CPU.ActiveCfg = Release|Any CPU
		{8692CC5E-362B-42B4-8F18-A38943814F5C}.Release|Any CPU.Build.0 = Release|Any CPU
	EndGlobalSection
	GlobalSection(SolutionProperties) = preSolution
		HideSolutionNode = FALSE
	EndGlobalSection
	GlobalSection(ExtensibilityGlobals) = postSolution
		SolutionGuid = {0FD84329-5F30-4610-8A21-C895EEE9BDE6}
	EndGlobalSection
EndGlobal
